// !$*UTF8*$!
{
	archiveVersion = 1;
	classes = {
	};
	objectVersion = 46;
	objects = {

/* Begin PBXBuildFile section */
		8C267C2A14F19DDF0079F62A /* AddressBook.framework in Frameworks */ = {isa = PBXBuildFile; fileRef = 8C267C2914F19DDF0079F62A /* AddressBook.framework */; };
		8C2BE0221506B265007563FC /* ContactEditorAddContactHelper.h in Headers */ = {isa = PBXBuildFile; fileRef = 8C2BE0201506B265007563FC /* ContactEditorAddContactHelper.h */; };
		8C2BE0231506B265007563FC /* ContactEditorAddContactHelper.m in Sources */ = {isa = PBXBuildFile; fileRef = 8C2BE0211506B265007563FC /* ContactEditorAddContactHelper.m */; };
		8C2BE02A1506B619007563FC /* ContactEditorViewDetailsHelper.h in Headers */ = {isa = PBXBuildFile; fileRef = 8C2BE0281506B619007563FC /* ContactEditorViewDetailsHelper.h */; };
		8C2BE02B1506B619007563FC /* ContactEditorViewDetailsHelper.m in Sources */ = {isa = PBXBuildFile; fileRef = 8C2BE0291506B619007563FC /* ContactEditorViewDetailsHelper.m */; };
		8C2DF1AA14FBF81500E95C3C /* ContactEditor_Prefix.pch in Headers */ = {isa = PBXBuildFile; fileRef = 8C2DF1A914FBF81500E95C3C /* ContactEditor_Prefix.pch */; };
		8C2FE0A01502A7CE00EEDFA8 /* AddressBookUI.framework in Frameworks */ = {isa = PBXBuildFile; fileRef = 8C2FE09F1502A7CE00EEDFA8 /* AddressBookUI.framework */; };
		8C2FE0AC1502A7FF00EEDFA8 /* ContactEditorHelper.h in Headers */ = {isa = PBXBuildFile; fileRef = 8C2FE0AA1502A7FF00EEDFA8 /* ContactEditorHelper.h */; };
		8C2FE0AD1502A7FF00EEDFA8 /* ContactEditorHelper.m in Sources */ = {isa = PBXBuildFile; fileRef = 8C2FE0AB1502A7FF00EEDFA8 /* ContactEditorHelper.m */; };
		8C37A03B162DFBD6002FD966 /* UIKit.framework in Frameworks */ = {isa = PBXBuildFile; fileRef = 8C267C3A14F1A5E30079F62A /* UIKit.framework */; };
		8C4AB85E14F1638100211B16 /* ContactEditor.m in Sources */ = {isa = PBXBuildFile; fileRef = 8C4AB85D14F1638100211B16 /* ContactEditor.m */; };
		8C4AB86414F1658E00211B16 /* ContactEditor.h in Headers */ = {isa = PBXBuildFile; fileRef = 8C4AB86314F1658E00211B16 /* ContactEditor.h */; };
		8C5D2F2F163889AE00E78C84 /* CoreGraphics.framework in Frameworks */ = {isa = PBXBuildFile; fileRef = 8C5D2F2E163889AE00E78C84 /* CoreGraphics.framework */; };
		AEF9D849148552CF00CB2153 /* Foundation.framework in Frameworks */ = {isa = PBXBuildFile; fileRef = AEF9D848148552CF00CB2153 /* Foundation.framework */; };
		AEF9D85A1485532600CB2153 /* FlashRuntimeExtensions.h in Headers */ = {isa = PBXBuildFile; fileRef = AEF9D8591485532600CB2153 /* FlashRuntimeExtensions.h */; };
/* End PBXBuildFile section */

/* Begin PBXFileReference section */
		8C267C2914F19DDF0079F62A /* AddressBook.framework */ = {isa = PBXFileReference; lastKnownFileType = wrapper.framework; name = AddressBook.framework; path = System/Library/Frameworks/AddressBook.framework; sourceTree = SDKROOT; };
		8C267C3A14F1A5E30079F62A /* UIKit.framework */ = {isa = PBXFileReference; lastKnownFileType = wrapper.framework; name = UIKit.framework; path = System/Library/Frameworks/UIKit.framework; sourceTree = SDKROOT; };
		8C2BE0201506B265007563FC /* ContactEditorAddContactHelper.h */ = {isa = PBXFileReference; fileEncoding = 4; lastKnownFileType = sourcecode.c.h; path = ContactEditorAddContactHelper.h; sourceTree = "<group>"; };
		8C2BE0211506B265007563FC /* ContactEditorAddContactHelper.m */ = {isa = PBXFileReference; fileEncoding = 4; lastKnownFileType = sourcecode.c.objc; path = ContactEditorAddContactHelper.m; sourceTree = "<group>"; };
		8C2BE0281506B619007563FC /* ContactEditorViewDetailsHelper.h */ = {isa = PBXFileReference; fileEncoding = 4; lastKnownFileType = sourcecode.c.h; path = ContactEditorViewDetailsHelper.h; sourceTree = "<group>"; };
		8C2BE0291506B619007563FC /* ContactEditorViewDetailsHelper.m */ = {isa = PBXFileReference; fileEncoding = 4; lastKnownFileType = sourcecode.c.objc; path = ContactEditorViewDetailsHelper.m; sourceTree = "<group>"; };
		8C2DF1A914FBF81500E95C3C /* ContactEditor_Prefix.pch */ = {isa = PBXFileReference; fileEncoding = 4; lastKnownFileType = sourcecode.c.h; path = ContactEditor_Prefix.pch; sourceTree = "<group>"; };
		8C2DF1B414FBF8FB00E95C3C /* libContactEditor.a */ = {isa = PBXFileReference; explicitFileType = archive.ar; includeInIndex = 0; path = libContactEditor.a; sourceTree = BUILT_PRODUCTS_DIR; };
		8C2FE09F1502A7CE00EEDFA8 /* AddressBookUI.framework */ = {isa = PBXFileReference; lastKnownFileType = wrapper.framework; name = AddressBookUI.framework; path = System/Library/Frameworks/AddressBookUI.framework; sourceTree = SDKROOT; };
		8C2FE0AA1502A7FF00EEDFA8 /* ContactEditorHelper.h */ = {isa = PBXFileReference; fileEncoding = 4; lastKnownFileType = sourcecode.c.h; path = ContactEditorHelper.h; sourceTree = "<group>"; };
		8C2FE0AB1502A7FF00EEDFA8 /* ContactEditorHelper.m */ = {isa = PBXFileReference; fileEncoding = 4; lastKnownFileType = sourcecode.c.objc; path = ContactEditorHelper.m; sourceTree = "<group>"; };
		8C4AB85D14F1638100211B16 /* ContactEditor.m */ = {isa = PBXFileReference; fileEncoding = 4; lastKnownFileType = sourcecode.c.objc; path = ContactEditor.m; sourceTree = "<group>"; };
		8C4AB86314F1658E00211B16 /* ContactEditor.h */ = {isa = PBXFileReference; explicitFileType = sourcecode.c.h; fileEncoding = 4; path = ContactEditor.h; sourceTree = "<group>"; };
		8C5D2F2E163889AE00E78C84 /* CoreGraphics.framework */ = {isa = PBXFileReference; lastKnownFileType = wrapper.framework; name = CoreGraphics.framework; path = System/Library/Frameworks/CoreGraphics.framework; sourceTree = SDKROOT; };
		AEF9D848148552CF00CB2153 /* Foundation.framework */ = {isa = PBXFileReference; lastKnownFileType = wrapper.framework; name = Foundation.framework; path = System/Library/Frameworks/Foundation.framework; sourceTree = SDKROOT; };
		AEF9D8591485532600CB2153 /* FlashRuntimeExtensions.h */ = {isa = PBXFileReference; fileEncoding = 4; lastKnownFileType = sourcecode.c.h; path = FlashRuntimeExtensions.h; sourceTree = "<group>"; };
/* End PBXFileReference section */

/* Begin PBXFrameworksBuildPhase section */
		AEF9D842148552CF00CB2153 /* Frameworks */ = {
			isa = PBXFrameworksBuildPhase;
			buildActionMask = 2147483647;
			files = (
				8C5D2F2F163889AE00E78C84 /* CoreGraphics.framework in Frameworks */,
				8C37A03B162DFBD6002FD966 /* UIKit.framework in Frameworks */,
				8C267C2A14F19DDF0079F62A /* AddressBook.framework in Frameworks */,
				8C2FE0A01502A7CE00EEDFA8 /* AddressBookUI.framework in Frameworks */,
				AEF9D849148552CF00CB2153 /* Foundation.framework in Frameworks */,
			);
			runOnlyForDeploymentPostprocessing = 0;
		};
/* End PBXFrameworksBuildPhase section */

/* Begin PBXGroup section */
		AEF9D83A148552CF00CB2153 = {
			isa = PBXGroup;
			children = (
				8C2BE0281506B619007563FC /* ContactEditorViewDetailsHelper.h */,
				8C2BE0291506B619007563FC /* ContactEditorViewDetailsHelper.m */,
				8C2BE0201506B265007563FC /* ContactEditorAddContactHelper.h */,
				8C2BE0211506B265007563FC /* ContactEditorAddContactHelper.m */,
				8C2FE0AA1502A7FF00EEDFA8 /* ContactEditorHelper.h */,
				8C2FE0AB1502A7FF00EEDFA8 /* ContactEditorHelper.m */,
				8C2DF1A914FBF81500E95C3C /* ContactEditor_Prefix.pch */,
				AEF9D8591485532600CB2153 /* FlashRuntimeExtensions.h */,
				8C4AB86314F1658E00211B16 /* ContactEditor.h */,
				AEF9D847148552CF00CB2153 /* Frameworks */,
				8C4AB85D14F1638100211B16 /* ContactEditor.m */,
				8C2DF1B414FBF8FB00E95C3C /* libContactEditor.a */,
			);
			sourceTree = "<group>";
		};
		AEF9D847148552CF00CB2153 /* Frameworks */ = {
			isa = PBXGroup;
			children = (
				8C5D2F2E163889AE00E78C84 /* CoreGraphics.framework */,
				8C2FE09F1502A7CE00EEDFA8 /* AddressBookUI.framework */,
				8C267C3A14F1A5E30079F62A /* UIKit.framework */,
				8C267C2914F19DDF0079F62A /* AddressBook.framework */,
				AEF9D848148552CF00CB2153 /* Foundation.framework */,
			);
			name = Frameworks;
			sourceTree = "<group>";
		};
/* End PBXGroup section */

/* Begin PBXHeadersBuildPhase section */
		AEF9D843148552CF00CB2153 /* Headers */ = {
			isa = PBXHeadersBuildPhase;
			buildActionMask = 2147483647;
			files = (
				AEF9D85A1485532600CB2153 /* FlashRuntimeExtensions.h in Headers */,
				8C4AB86414F1658E00211B16 /* ContactEditor.h in Headers */,
				8C2DF1AA14FBF81500E95C3C /* ContactEditor_Prefix.pch in Headers */,
				8C2FE0AC1502A7FF00EEDFA8 /* ContactEditorHelper.h in Headers */,
				8C2BE0221506B265007563FC /* ContactEditorAddContactHelper.h in Headers */,
				8C2BE02A1506B619007563FC /* ContactEditorViewDetailsHelper.h in Headers */,
			);
			runOnlyForDeploymentPostprocessing = 0;
		};
/* End PBXHeadersBuildPhase section */

/* Begin PBXNativeTarget section */
		AEF9D844148552CF00CB2153 /* ContactEditor */ = {
			isa = PBXNativeTarget;
			buildConfigurationList = AEF9D852148552CF00CB2153 /* Build configuration list for PBXNativeTarget "ContactEditor" */;
			buildPhases = (
				AEF9D841148552CF00CB2153 /* Sources */,
				AEF9D842148552CF00CB2153 /* Frameworks */,
				AEF9D843148552CF00CB2153 /* Headers */,
			);
			buildRules = (
			);
			dependencies = (
			);
			name = ContactEditor;
			productName = MailExtension;
			productReference = 8C2DF1B414FBF8FB00E95C3C /* libContactEditor.a */;
			productType = "com.apple.product-type.library.static";
		};
/* End PBXNativeTarget section */

/* Begin PBXProject section */
		AEF9D83C148552CF00CB2153 /* Project object */ = {
			isa = PBXProject;
			attributes = {
				LastUpgradeCheck = 0450;
				ORGANIZATIONNAME = Randori;
			};
			buildConfigurationList = AEF9D83F148552CF00CB2153 /* Build configuration list for PBXProject "ContactEditor" */;
			compatibilityVersion = "Xcode 3.2";
			developmentRegion = English;
			hasScannedForEncodings = 0;
			knownRegions = (
				en,
			);
			mainGroup = AEF9D83A148552CF00CB2153;
			productRefGroup = AEF9D83A148552CF00CB2153;
			projectDirPath = "";
			projectRoot = "";
			targets = (
				AEF9D844148552CF00CB2153 /* ContactEditor */,
			);
		};
/* End PBXProject section */

/* Begin PBXSourcesBuildPhase section */
		AEF9D841148552CF00CB2153 /* Sources */ = {
			isa = PBXSourcesBuildPhase;
			buildActionMask = 2147483647;
			files = (
				8C4AB85E14F1638100211B16 /* ContactEditor.m in Sources */,
				8C2FE0AD1502A7FF00EEDFA8 /* ContactEditorHelper.m in Sources */,
				8C2BE0231506B265007563FC /* ContactEditorAddContactHelper.m in Sources */,
				8C2BE02B1506B619007563FC /* ContactEditorViewDetailsHelper.m in Sources */,
			);
			runOnlyForDeploymentPostprocessing = 0;
		};
/* End PBXSourcesBuildPhase section */

/* Begin XCBuildConfiguration section */
		AEF9D850148552CF00CB2153 /* Debug */ = {
			isa = XCBuildConfiguration;
			buildSettings = {
				ALWAYS_SEARCH_USER_PATHS = NO;
				ARCHS = "$(ARCHS_STANDARD_32_BIT)";
				"ARCHS[sdk=iphoneos*]" = "$(ARCHS_STANDARD_32_BIT)";
				"ARCHS[sdk=iphonesimulator6.0]" = i386;
				COPY_PHASE_STRIP = NO;
				GCC_C_LANGUAGE_STANDARD = gnu99;
				GCC_DYNAMIC_NO_PIC = NO;
				GCC_OPTIMIZATION_LEVEL = 0;
				GCC_PREPROCESSOR_DEFINITIONS = (
					"DEBUG=1",
					"$(inherited)",
				);
				GCC_SYMBOLS_PRIVATE_EXTERN = NO;
				GCC_VERSION = com.apple.compilers.llvm.clang.1_0;
				GCC_WARN_ABOUT_MISSING_PROTOTYPES = NO;
				GCC_WARN_ABOUT_RETURN_TYPE = YES;
				GCC_WARN_UNUSED_VARIABLE = YES;
				IPHONEOS_DEPLOYMENT_TARGET = 5.1;
				MACH_O_TYPE = staticlib;
				ONLY_ACTIVE_ARCH = YES;
				SDKROOT = iphoneos;
				VALID_ARCHS = "";
				"VALID_ARCHS[sdk=iphoneos*]" = "armv7 armv7s";
				"VALID_ARCHS[sdk=iphonesimulator*]" = i386;
			};
			name = Debug;
		};
		AEF9D851148552CF00CB2153 /* Release */ = {
			isa = XCBuildConfiguration;
			buildSettings = {
				ALWAYS_SEARCH_USER_PATHS = NO;
				ARCHS = "$(ARCHS_STANDARD_32_BIT)";
				COPY_PHASE_STRIP = YES;
				GCC_C_LANGUAGE_STANDARD = gnu99;
				GCC_VERSION = com.apple.compilers.llvm.clang.1_0;
				GCC_WARN_ABOUT_MISSING_PROTOTYPES = NO;
				GCC_WARN_ABOUT_RETURN_TYPE = YES;
				GCC_WARN_UNUSED_VARIABLE = YES;
				IPHONEOS_DEPLOYMENT_TARGET = 5.1;
				MACH_O_TYPE = staticlib;
				ONLY_ACTIVE_ARCH = YES;
				SDKROOT = iphoneos;
				VALIDATE_PRODUCT = YES;
				VALID_ARCHS = "";
			};
			name = Release;
		};
		AEF9D853148552CF00CB2153 /* Debug */ = {
			isa = XCBuildConfiguration;
			buildSettings = {
				"ARCHS[sdk=iphoneos*]" = "$(ARCHS_STANDARD_32_BIT)";
				"ARCHS[sdk=iphonesimulator6.0]" = i386;
				CONFIGURATION_BUILD_DIR = build;
				CONFIGURATION_TEMP_DIR = build;
				DSTROOT = /tmp/ContactEditor.dst;
				FRAMEWORK_SEARCH_PATHS = (
					"$(inherited)",
					"\"$(SRCROOT)/../../../Platforms/iPhoneSimulator.platform/Developer/SDKs/iPhoneSimulator6.0.sdk/System/Library/Frameworks\"",
				);
				GCC_ENABLE_CPP_EXCEPTIONS = NO;
				GCC_ENABLE_CPP_RTTI = NO;
				GCC_ENABLE_OBJC_EXCEPTIONS = NO;
				GCC_LINK_WITH_DYNAMIC_LIBRARIES = YES;
				GCC_PRECOMPILE_PREFIX_HEADER = YES;
				GCC_PREFIX_HEADER = ContactEditor_Prefix.pch;
				GCC_VERSION = com.apple.compilers.llvm.clang.1_0;
				IPHONEOS_DEPLOYMENT_TARGET = 5.0;
				LIBRARY_SEARCH_PATHS = "$(inherited)";
				MACH_O_TYPE = staticlib;
				ONLY_ACTIVE_ARCH = YES;
				OTHER_LDFLAGS = "-ObjC";
				PRODUCT_NAME = ContactEditor;
				SHARED_PRECOMPS_DIR = build;
				SKIP_INSTALL = NO;
				SUPPORTED_PLATFORMS = "iphonesimulator iphoneos";
				"VALID_ARCHS[sdk=iphonesimulator*]" = i386;
			};
			name = Debug;
		};
		AEF9D854148552CF00CB2153 /* Release */ = {
			isa = XCBuildConfiguration;
			buildSettings = {
				"ARCHS[sdk=iphoneos*]" = "$(ARCHS_STANDARD_32_BIT)";
				"ARCHS[sdk=iphonesimulator*]" = i386;
				CONFIGURATION_BUILD_DIR = "build-release";
				CONFIGURATION_TEMP_DIR = build;
				DSTROOT = /tmp/ContactEditor.dst;
				FRAMEWORK_SEARCH_PATHS = (
					"$(inherited)",
					"\"$(SRCROOT)/../../../Platforms/iPhoneSimulator.platform/Developer/SDKs/iPhoneSimulator6.0.sdk/System/Library/Frameworks\"",
				);
				GCC_ENABLE_CPP_EXCEPTIONS = NO;
				GCC_ENABLE_CPP_RTTI = NO;
				GCC_ENABLE_OBJC_EXCEPTIONS = NO;
				GCC_LINK_WITH_DYNAMIC_LIBRARIES = YES;
				GCC_PRECOMPILE_PREFIX_HEADER = YES;
				GCC_PREFIX_HEADER = ContactEditor_Prefix.pch;
				GCC_VERSION = com.apple.compilers.llvm.clang.1_0;
				IPHONEOS_DEPLOYMENT_TARGET = 5.0;
				LIBRARY_SEARCH_PATHS = "$(inherited)";
				MACH_O_TYPE = staticlib;
				ONLY_ACTIVE_ARCH = YES;
				OTHER_LDFLAGS = "-ObjC";
				PRODUCT_NAME = ContactEditor;
				SHARED_PRECOMPS_DIR = build;
				SKIP_INSTALL = NO;
				SUPPORTED_PLATFORMS = "iphonesimulator iphoneos";
				VALID_ARCHS = "armv7 armv7s";
				"VALID_ARCHS[sdk=iphoneos*]" = "armv7 armv7s";
				"VALID_ARCHS[sdk=iphonesimulator*]" = i386;
			};
			name = Release;
		};
/* End XCBuildConfiguration section */

/* Begin XCConfigurationList section */
		AEF9D83F148552CF00CB2153 /* Build configuration list for PBXProject "ContactEditor" */ = {
			isa = XCConfigurationList;
			buildConfigurations = (
				AEF9D850148552CF00CB2153 /* Debug */,
				AEF9D851148552CF00CB2153 /* Release */,
			);
			defaultConfigurationIsVisible = 0;
			defaultConfigurationName = Release;
		};
		AEF9D852148552CF00CB2153 /* Build configuration list for PBXNativeTarget "ContactEditor" */ = {
			isa = XCConfigurationList;
			buildConfigurations = (
				AEF9D853148552CF00CB2153 /* Debug */,
				AEF9D854148552CF00CB2153 /* Release */,
			);
			defaultConfigurationIsVisible = 0;
			defaultConfigurationName = Release;
		};
/* End XCConfigurationList section */
	};
	rootObject = AEF9D83C148552CF00CB2153 /* Project object */;
}
